// !$*UTF8*$!
{
	archiveVersion = 1;
	classes = {
	};
	objectVersion = 56;
	objects = {

/* Begin PBXBuildFile section */
		043CB0C21B489522A07E4016 /* StarShipsQuery.graphql in Resources */ = {isa = PBXBuildFile; fileRef = 25C23EC4CA43D7AEE9644A2F /* StarShipsQuery.graphql */; };
		1566E240D9F6E2A671628D00 /* SWAPI in Frameworks */ = {isa = PBXBuildFile; productRef = C29E16F468123242AE30ED45 /* SWAPI */; };
		21DC1C467E0A967368369D8A /* Apollo in Frameworks */ = {isa = PBXBuildFile; productRef = 7798EF03DD4BEC4593B0F283 /* Apollo */; };
		25BC651B7DEA1B958DFB93F1 /* StarShipsView.swift in Sources */ = {isa = PBXBuildFile; fileRef = 88B7E6CB082603AEBAB4547A /* StarShipsView.swift */; };
		4F5D6214C7D70D2F95F56A23 /* StarShipsModel.swift in Sources */ = {isa = PBXBuildFile; fileRef = 8EA950F7720F82A6E4C0BA63 /* StarShipsModel.swift */; };
		50CE742E7370813FFCBBFAE8 /* PeopleViewModel.swift in Sources */ = {isa = PBXBuildFile; fileRef = EA8ECAFF2C66A97950982A8D /* PeopleViewModel.swift */; };
		535697E21EFF8475AB05F4A1 /* PlanetQuery.graphql in Resources */ = {isa = PBXBuildFile; fileRef = A19A95AFE19BC4A5C83944EE /* PlanetQuery.graphql */; };
		56554AD57894FFC141792D7D /* StarShipsViewModel.swift in Sources */ = {isa = PBXBuildFile; fileRef = 9876E9B9A6686C6412DF0F8B /* StarShipsViewModel.swift */; };
		8ADFB20ABC4777E84476AA90 /* PlanetViewModel.swift in Sources */ = {isa = PBXBuildFile; fileRef = 75A1D1B32A0DDBBCBF2E048C /* PlanetViewModel.swift */; };
		8C39EB248743BA68F80EDADA /* ApolloService.swift in Sources */ = {isa = PBXBuildFile; fileRef = 99A55966405FE21109E19832 /* ApolloService.swift */; };
		8CCBE5ED49C0A815D035FD7B /* StarShipView.swift in Sources */ = {isa = PBXBuildFile; fileRef = C4E0E348FB20A1E4504EF7D9 /* StarShipView.swift */; };
		91ECD8C0B0253128B405338C /* PersonView.swift in Sources */ = {isa = PBXBuildFile; fileRef = D3A8353D8C70BD911A934027 /* PersonView.swift */; };
		9C3C70E9A6B7E55D04D7561B /* ContentView.swift in Sources */ = {isa = PBXBuildFile; fileRef = 7EFA37FD9506864F59418DBD /* ContentView.swift */; };
		A01F29940C5A05A603968352 /* schema.graphqls in Resources */ = {isa = PBXBuildFile; fileRef = 8EACDBA3FEE9625AAC29CC99 /* schema.graphqls */; };
		AB1C25C457C1433CCBB395E1 /* PeopleView.swift in Sources */ = {isa = PBXBuildFile; fileRef = A0CEE08768BF96F0BD4B9564 /* PeopleView.swift */; };
		C7C64BE5C90AF6BA213B622E /* PeopleModel.swift in Sources */ = {isa = PBXBuildFile; fileRef = 8F53C6DB8A0BDE539FE6949F /* PeopleModel.swift */; };
		C9416071794E794634E56195 /* SQLite in Frameworks */ = {isa = PBXBuildFile; productRef = A0E24252697C6BFAD2EC31BA /* SQLite */; };
		E57A844D7C4BEDC10563B087 /* Preview Assets.xcassets in Resources */ = {isa = PBXBuildFile; fileRef = 98984A79A305BF32AA5760AF /* Preview Assets.xcassets */; };
		EB3D8DB6684C25FB764B3A81 /* PlanetView.swift in Sources */ = {isa = PBXBuildFile; fileRef = 7170B24D78A81B89E6672A19 /* PlanetView.swift */; };
		ED0B8F29479219F30E9976C3 /* PlanetModel.swift in Sources */ = {isa = PBXBuildFile; fileRef = 5D60FD0A67497AC34B33BAB8 /* PlanetModel.swift */; };
		F0508426D764BEA3E6311073 /* Assets.xcassets in Resources */ = {isa = PBXBuildFile; fileRef = 651A8DE094C0540EF7E91F74 /* Assets.xcassets */; };
		FE50CA5F43FB981A8A4017A3 /* PlanetsView.swift in Sources */ = {isa = PBXBuildFile; fileRef = 6DADE5A91822CE914FFB1260 /* PlanetsView.swift */; };
		FE5E9B07369F0507663C68E4 /* swapiMKHApp.swift in Sources */ = {isa = PBXBuildFile; fileRef = 1CDFD0661AD4299A11E6B191 /* swapiMKHApp.swift */; };
/* End PBXBuildFile section */

/* Begin PBXFileReference section */
		1CDFD0661AD4299A11E6B191 /* swapiMKHApp.swift */ = {isa = PBXFileReference; lastKnownFileType = sourcecode.swift; path = swapiMKHApp.swift; sourceTree = "<group>"; };
		25C23EC4CA43D7AEE9644A2F /* StarShipsQuery.graphql */ = {isa = PBXFileReference; lastKnownFileType = text; path = StarShipsQuery.graphql; sourceTree = "<group>"; };
		5D60FD0A67497AC34B33BAB8 /* PlanetModel.swift */ = {isa = PBXFileReference; lastKnownFileType = sourcecode.swift; path = PlanetModel.swift; sourceTree = "<group>"; };
		651A8DE094C0540EF7E91F74 /* Assets.xcassets */ = {isa = PBXFileReference; lastKnownFileType = folder.assetcatalog; path = Assets.xcassets; sourceTree = "<group>"; };
		6DADE5A91822CE914FFB1260 /* PlanetsView.swift */ = {isa = PBXFileReference; lastKnownFileType = sourcecode.swift; path = PlanetsView.swift; sourceTree = "<group>"; };
		7170B24D78A81B89E6672A19 /* PlanetView.swift */ = {isa = PBXFileReference; lastKnownFileType = sourcecode.swift; path = PlanetView.swift; sourceTree = "<group>"; };
		75A1D1B32A0DDBBCBF2E048C /* PlanetViewModel.swift */ = {isa = PBXFileReference; lastKnownFileType = sourcecode.swift; path = PlanetViewModel.swift; sourceTree = "<group>"; };
		7EFA37FD9506864F59418DBD /* ContentView.swift */ = {isa = PBXFileReference; lastKnownFileType = sourcecode.swift; path = ContentView.swift; sourceTree = "<group>"; };
		88B7E6CB082603AEBAB4547A /* StarShipsView.swift */ = {isa = PBXFileReference; lastKnownFileType = sourcecode.swift; path = StarShipsView.swift; sourceTree = "<group>"; };
		8EA950F7720F82A6E4C0BA63 /* StarShipsModel.swift */ = {isa = PBXFileReference; lastKnownFileType = sourcecode.swift; path = StarShipsModel.swift; sourceTree = "<group>"; };
		8EACDBA3FEE9625AAC29CC99 /* schema.graphqls */ = {isa = PBXFileReference; lastKnownFileType = text; path = schema.graphqls; sourceTree = "<group>"; };
		8F53C6DB8A0BDE539FE6949F /* PeopleModel.swift */ = {isa = PBXFileReference; lastKnownFileType = sourcecode.swift; path = PeopleModel.swift; sourceTree = "<group>"; };
		9876E9B9A6686C6412DF0F8B /* StarShipsViewModel.swift */ = {isa = PBXFileReference; lastKnownFileType = sourcecode.swift; path = StarShipsViewModel.swift; sourceTree = "<group>"; };
		98984A79A305BF32AA5760AF /* Preview Assets.xcassets */ = {isa = PBXFileReference; lastKnownFileType = folder.assetcatalog; path = "Preview Assets.xcassets"; sourceTree = "<group>"; };
		99A55966405FE21109E19832 /* ApolloService.swift */ = {isa = PBXFileReference; lastKnownFileType = sourcecode.swift; path = ApolloService.swift; sourceTree = "<group>"; };
		9EE039B3866A626145A7C364 /* Info.plist */ = {isa = PBXFileReference; lastKnownFileType = text.plist; path = Info.plist; sourceTree = "<group>"; };
		A0CEE08768BF96F0BD4B9564 /* PeopleView.swift */ = {isa = PBXFileReference; lastKnownFileType = sourcecode.swift; path = PeopleView.swift; sourceTree = "<group>"; };
		A19A95AFE19BC4A5C83944EE /* PlanetQuery.graphql */ = {isa = PBXFileReference; lastKnownFileType = text; path = PlanetQuery.graphql; sourceTree = "<group>"; };
		BC2F653924199565576E6920 /* SW.app */ = {isa = PBXFileReference; explicitFileType = wrapper.application; includeInIndex = 0; path = SW.app; sourceTree = BUILT_PRODUCTS_DIR; };
		C4E0E348FB20A1E4504EF7D9 /* StarShipView.swift */ = {isa = PBXFileReference; lastKnownFileType = sourcecode.swift; path = StarShipView.swift; sourceTree = "<group>"; };
		D3A8353D8C70BD911A934027 /* PersonView.swift */ = {isa = PBXFileReference; lastKnownFileType = sourcecode.swift; path = PersonView.swift; sourceTree = "<group>"; };
		D6CB63CA2E9C114611490F51 /* SWAPI */ = {isa = PBXFileReference; lastKnownFileType = folder; path = SWAPI; sourceTree = SOURCE_ROOT; };
		EA8ECAFF2C66A97950982A8D /* PeopleViewModel.swift */ = {isa = PBXFileReference; lastKnownFileType = sourcecode.swift; path = PeopleViewModel.swift; sourceTree = "<group>"; };
/* End PBXFileReference section */

/* Begin PBXFrameworksBuildPhase section */
		85E85D02B633D9AD28E9C59A /* Frameworks */ = {
			isa = PBXFrameworksBuildPhase;
			buildActionMask = 2147483647;
			files = (
				21DC1C467E0A967368369D8A /* Apollo in Frameworks */,
				C9416071794E794634E56195 /* SQLite in Frameworks */,
				1566E240D9F6E2A671628D00 /* SWAPI in Frameworks */,
			);
			runOnlyForDeploymentPostprocessing = 0;
		};
/* End PBXFrameworksBuildPhase section */

/* Begin PBXGroup section */
		001A73163098A2372E70CB74 /* Supporting */ = {
			isa = PBXGroup;
			children = (
				9EE039B3866A626145A7C364 /* Info.plist */,
			);
			path = Supporting;
			sourceTree = "<group>";
		};
		0BDECD857BF8B8F71EC39B6A /* StarShipsSubsystem */ = {
			isa = PBXGroup;
			children = (
				8EA950F7720F82A6E4C0BA63 /* StarShipsModel.swift */,
				88B7E6CB082603AEBAB4547A /* StarShipsView.swift */,
				9876E9B9A6686C6412DF0F8B /* StarShipsViewModel.swift */,
				3F4BD7F42D65C00FAD11614D /* StarShipSubsystem */,
			);
			path = StarShipsSubsystem;
			sourceTree = "<group>";
		};
		11D6C7DDEC700D4D0EE1C8EB /* PlanetsSubsystem */ = {
			isa = PBXGroup;
			children = (
				5D60FD0A67497AC34B33BAB8 /* PlanetModel.swift */,
				6DADE5A91822CE914FFB1260 /* PlanetsView.swift */,
				75A1D1B32A0DDBBCBF2E048C /* PlanetViewModel.swift */,
				822B7CDA7FE1A83819ABDD61 /* PlanetSubsystem */,
			);
			path = PlanetsSubsystem;
			sourceTree = "<group>";
		};
		12EB019E0B1639853FB019EA /* Preview Content */ = {
			isa = PBXGroup;
			children = (
				98984A79A305BF32AA5760AF /* Preview Assets.xcassets */,
			);
			path = "Preview Content";
			sourceTree = "<group>";
		};
		3682BE8CBEC1802D8C6C1530 /* swapi_mkh */ = {
			isa = PBXGroup;
			children = (
				99A55966405FE21109E19832 /* ApolloService.swift */,
				651A8DE094C0540EF7E91F74 /* Assets.xcassets */,
				7EFA37FD9506864F59418DBD /* ContentView.swift */,
				1CDFD0661AD4299A11E6B191 /* swapiMKHApp.swift */,
				809874B6391A6C6C4DACFF82 /* GraphQL */,
				560A088FB64C5330EA35B36F /* PeopleSubsystem */,
				11D6C7DDEC700D4D0EE1C8EB /* PlanetsSubsystem */,
				12EB019E0B1639853FB019EA /* Preview Content */,
				0BDECD857BF8B8F71EC39B6A /* StarShipsSubsystem */,
				001A73163098A2372E70CB74 /* Supporting */,
			);
			path = swapi_mkh;
			sourceTree = "<group>";
		};
		3F4BD7F42D65C00FAD11614D /* StarShipSubsystem */ = {
			isa = PBXGroup;
			children = (
				C4E0E348FB20A1E4504EF7D9 /* StarShipView.swift */,
			);
			path = StarShipSubsystem;
			sourceTree = "<group>";
		};
		4993AAEED11FDAB423CF29C7 = {
			isa = PBXGroup;
			children = (
				E7F3BF2CF5F970C72EF914CA /* Packages */,
				3682BE8CBEC1802D8C6C1530 /* swapi_mkh */,
				D672545FE850CE851DCB424C /* Products */,
			);
			sourceTree = "<group>";
		};
		560A088FB64C5330EA35B36F /* PeopleSubsystem */ = {
			isa = PBXGroup;
			children = (
				8F53C6DB8A0BDE539FE6949F /* PeopleModel.swift */,
				A0CEE08768BF96F0BD4B9564 /* PeopleView.swift */,
				EA8ECAFF2C66A97950982A8D /* PeopleViewModel.swift */,
				C8ECFE781FE06246F2A30F68 /* PersonSubsystem */,
			);
			path = PeopleSubsystem;
			sourceTree = "<group>";
		};
		809874B6391A6C6C4DACFF82 /* GraphQL */ = {
			isa = PBXGroup;
			children = (
				A19A95AFE19BC4A5C83944EE /* PlanetQuery.graphql */,
				8EACDBA3FEE9625AAC29CC99 /* schema.graphqls */,
				25C23EC4CA43D7AEE9644A2F /* StarShipsQuery.graphql */,
			);
			path = GraphQL;
			sourceTree = "<group>";
		};
		822B7CDA7FE1A83819ABDD61 /* PlanetSubsystem */ = {
			isa = PBXGroup;
			children = (
				7170B24D78A81B89E6672A19 /* PlanetView.swift */,
			);
			path = PlanetSubsystem;
			sourceTree = "<group>";
		};
		C8ECFE781FE06246F2A30F68 /* PersonSubsystem */ = {
			isa = PBXGroup;
			children = (
				D3A8353D8C70BD911A934027 /* PersonView.swift */,
			);
			path = PersonSubsystem;
			sourceTree = "<group>";
		};
		D672545FE850CE851DCB424C /* Products */ = {
			isa = PBXGroup;
			children = (
				BC2F653924199565576E6920 /* SW.app */,
			);
			name = Products;
			sourceTree = "<group>";
		};
		E7F3BF2CF5F970C72EF914CA /* Packages */ = {
			isa = PBXGroup;
			children = (
				D6CB63CA2E9C114611490F51 /* SWAPI */,
			);
			name = Packages;
			sourceTree = SOURCE_ROOT;
		};
/* End PBXGroup section */

/* Begin PBXNativeTarget section */
		017E2EB7F7E0C8D2E547A7F4 /* swapi_mkh */ = {
			isa = PBXNativeTarget;
			buildConfigurationList = 14D1F700FCF4DEEFEB7749D8 /* Build configuration list for PBXNativeTarget "swapi_mkh" */;
			buildPhases = (
				C49770D3B950A51EACA47191 /* Sources */,
				DB15AC12B96266FB3278A5B1 /* Resources */,
				85E85D02B633D9AD28E9C59A /* Frameworks */,
			);
			buildRules = (
			);
			dependencies = (
			);
			name = swapi_mkh;
			packageProductDependencies = (
				7798EF03DD4BEC4593B0F283 /* Apollo */,
				A0E24252697C6BFAD2EC31BA /* SQLite */,
				C29E16F468123242AE30ED45 /* SWAPI */,
			);
			productName = swapi_mkh;
			productReference = BC2F653924199565576E6920 /* SW.app */;
			productType = "com.apple.product-type.application";
		};
/* End PBXNativeTarget section */

/* Begin PBXProject section */
		07B298FCBCCCE7261EB7E1C5 /* Project object */ = {
			isa = PBXProject;
			attributes = {
				BuildIndependentTargetsInParallel = YES;
				LastUpgradeCheck = 1430;
			};
			buildConfigurationList = F45FA54BF26D2DC18AD9323C /* Build configuration list for PBXProject "swapi_mkh" */;
			compatibilityVersion = "Xcode 14.0";
			developmentRegion = en;
			hasScannedForEncodings = 0;
			knownRegions = (
				Base,
				en,
			);
			mainGroup = 4993AAEED11FDAB423CF29C7;
			packageReferences = (
				803409B5A838618523DEA3AF /* XCRemoteSwiftPackageReference "apollo-ios" */,
				5C0AE083C37978185E4BB115 /* XCRemoteSwiftPackageReference "SQLite.swift" */,
			);
			projectDirPath = "";
			projectRoot = "";
			targets = (
				017E2EB7F7E0C8D2E547A7F4 /* swapi_mkh */,
			);
		};
/* End PBXProject section */

/* Begin PBXResourcesBuildPhase section */
		DB15AC12B96266FB3278A5B1 /* Resources */ = {
			isa = PBXResourcesBuildPhase;
			buildActionMask = 2147483647;
			files = (
				F0508426D764BEA3E6311073 /* Assets.xcassets in Resources */,
				535697E21EFF8475AB05F4A1 /* PlanetQuery.graphql in Resources */,
				E57A844D7C4BEDC10563B087 /* Preview Assets.xcassets in Resources */,
				043CB0C21B489522A07E4016 /* StarShipsQuery.graphql in Resources */,
				A01F29940C5A05A603968352 /* schema.graphqls in Resources */,
			);
			runOnlyForDeploymentPostprocessing = 0;
		};
/* End PBXResourcesBuildPhase section */

/* Begin PBXSourcesBuildPhase section */
		C49770D3B950A51EACA47191 /* Sources */ = {
			isa = PBXSourcesBuildPhase;
			buildActionMask = 2147483647;
			files = (
				8C39EB248743BA68F80EDADA /* ApolloService.swift in Sources */,
				9C3C70E9A6B7E55D04D7561B /* ContentView.swift in Sources */,
				C7C64BE5C90AF6BA213B622E /* PeopleModel.swift in Sources */,
				AB1C25C457C1433CCBB395E1 /* PeopleView.swift in Sources */,
				50CE742E7370813FFCBBFAE8 /* PeopleViewModel.swift in Sources */,
				91ECD8C0B0253128B405338C /* PersonView.swift in Sources */,
				ED0B8F29479219F30E9976C3 /* PlanetModel.swift in Sources */,
				EB3D8DB6684C25FB764B3A81 /* PlanetView.swift in Sources */,
				8ADFB20ABC4777E84476AA90 /* PlanetViewModel.swift in Sources */,
				FE50CA5F43FB981A8A4017A3 /* PlanetsView.swift in Sources */,
				8CCBE5ED49C0A815D035FD7B /* StarShipView.swift in Sources */,
				4F5D6214C7D70D2F95F56A23 /* StarShipsModel.swift in Sources */,
				25BC651B7DEA1B958DFB93F1 /* StarShipsView.swift in Sources */,
				56554AD57894FFC141792D7D /* StarShipsViewModel.swift in Sources */,
				FE5E9B07369F0507663C68E4 /* swapiMKHApp.swift in Sources */,
			);
			runOnlyForDeploymentPostprocessing = 0;
		};
/* End PBXSourcesBuildPhase section */

/* Begin XCBuildConfiguration section */
		3AD21C4FF56AFD8D912BA8B7 /* Debug */ = {
			isa = XCBuildConfiguration;
			buildSettings = {
				ALWAYS_SEARCH_USER_PATHS = NO;
				CLANG_ANALYZER_NONNULL = YES;
				CLANG_ANALYZER_NUMBER_OBJECT_CONVERSION = YES_AGGRESSIVE;
				CLANG_CXX_LANGUAGE_STANDARD = "gnu++14";
				CLANG_CXX_LIBRARY = "libc++";
				CLANG_ENABLE_MODULES = YES;
				CLANG_ENABLE_OBJC_ARC = YES;
				CLANG_ENABLE_OBJC_WEAK = YES;
				CLANG_WARN_BLOCK_CAPTURE_AUTORELEASING = YES;
				CLANG_WARN_BOOL_CONVERSION = YES;
				CLANG_WARN_COMMA = YES;
				CLANG_WARN_CONSTANT_CONVERSION = YES;
				CLANG_WARN_DEPRECATED_OBJC_IMPLEMENTATIONS = YES;
				CLANG_WARN_DIRECT_OBJC_ISA_USAGE = YES_ERROR;
				CLANG_WARN_DOCUMENTATION_COMMENTS = YES;
				CLANG_WARN_EMPTY_BODY = YES;
				CLANG_WARN_ENUM_CONVERSION = YES;
				CLANG_WARN_INFINITE_RECURSION = YES;
				CLANG_WARN_INT_CONVERSION = YES;
				CLANG_WARN_NON_LITERAL_NULL_CONVERSION = YES;
				CLANG_WARN_OBJC_IMPLICIT_RETAIN_SELF = YES;
				CLANG_WARN_OBJC_LITERAL_CONVERSION = YES;
				CLANG_WARN_OBJC_ROOT_CLASS = YES_ERROR;
				CLANG_WARN_QUOTED_INCLUDE_IN_FRAMEWORK_HEADER = YES;
				CLANG_WARN_RANGE_LOOP_ANALYSIS = YES;
				CLANG_WARN_STRICT_PROTOTYPES = YES;
				CLANG_WARN_SUSPICIOUS_MOVE = YES;
				CLANG_WARN_UNGUARDED_AVAILABILITY = YES_AGGRESSIVE;
				CLANG_WARN_UNREACHABLE_CODE = YES;
				CLANG_WARN__DUPLICATE_METHOD_MATCH = YES;
				COPY_PHASE_STRIP = NO;
				DEBUG_INFORMATION_FORMAT = dwarf;
				ENABLE_STRICT_OBJC_MSGSEND = YES;
				ENABLE_TESTABILITY = YES;
				GCC_C_LANGUAGE_STANDARD = gnu11;
				GCC_DYNAMIC_NO_PIC = NO;
				GCC_NO_COMMON_BLOCKS = YES;
				GCC_OPTIMIZATION_LEVEL = 0;
				GCC_PREPROCESSOR_DEFINITIONS = (
					"$(inherited)",
					"DEBUG=1",
				);
				GCC_WARN_64_TO_32_BIT_CONVERSION = YES;
				GCC_WARN_ABOUT_RETURN_TYPE = YES_ERROR;
				GCC_WARN_UNDECLARED_SELECTOR = YES;
				GCC_WARN_UNINITIALIZED_AUTOS = YES_AGGRESSIVE;
				GCC_WARN_UNUSED_FUNCTION = YES;
				GCC_WARN_UNUSED_VARIABLE = YES;
				MTL_ENABLE_DEBUG_INFO = INCLUDE_SOURCE;
				MTL_FAST_MATH = YES;
				ONLY_ACTIVE_ARCH = YES;
				PRODUCT_NAME = "$(TARGET_NAME)";
				SDKROOT = iphoneos;
				SWIFT_ACTIVE_COMPILATION_CONDITIONS = DEBUG;
				SWIFT_OPTIMIZATION_LEVEL = "-Onone";
				SWIFT_VERSION = 5.0;
			};
			name = Debug;
		};
		402138A1F6637F869B03D2A0 /* Release */ = {
			isa = XCBuildConfiguration;
			buildSettings = {
				ASSETCATALOG_COMPILER_APPICON_NAME = AppIcon;
				CODE_SIGN_IDENTITY = "iPhone Developer";
				DEVELOPMENT_TEAM = MJZN9N33M2;
				INFOPLIST_FILE = swapi_mkh/Supporting/Info.plist;
				LD_RUNPATH_SEARCH_PATHS = (
					"$(inherited)",
					"@executable_path/Frameworks",
				);
				PRODUCT_BUNDLE_IDENTIFIER = com.khinevich.swapi;
				PRODUCT_NAME = SW;
				SDKROOT = iphoneos;
				TARGETED_DEVICE_FAMILY = 1;
			};
			name = Release;
		};
		4CE90798983FD7B45FDDF234 /* Release */ = {
			isa = XCBuildConfiguration;
			buildSettings = {
				ALWAYS_SEARCH_USER_PATHS = NO;
				CLANG_ANALYZER_NONNULL = YES;
				CLANG_ANALYZER_NUMBER_OBJECT_CONVERSION = YES_AGGRESSIVE;
				CLANG_CXX_LANGUAGE_STANDARD = "gnu++14";
				CLANG_CXX_LIBRARY = "libc++";
				CLANG_ENABLE_MODULES = YES;
				CLANG_ENABLE_OBJC_ARC = YES;
				CLANG_ENABLE_OBJC_WEAK = YES;
				CLANG_WARN_BLOCK_CAPTURE_AUTORELEASING = YES;
				CLANG_WARN_BOOL_CONVERSION = YES;
				CLANG_WARN_COMMA = YES;
				CLANG_WARN_CONSTANT_CONVERSION = YES;
				CLANG_WARN_DEPRECATED_OBJC_IMPLEMENTATIONS = YES;
				CLANG_WARN_DIRECT_OBJC_ISA_USAGE = YES_ERROR;
				CLANG_WARN_DOCUMENTATION_COMMENTS = YES;
				CLANG_WARN_EMPTY_BODY = YES;
				CLANG_WARN_ENUM_CONVERSION = YES;
				CLANG_WARN_INFINITE_RECURSION = YES;
				CLANG_WARN_INT_CONVERSION = YES;
				CLANG_WARN_NON_LITERAL_NULL_CONVERSION = YES;
				CLANG_WARN_OBJC_IMPLICIT_RETAIN_SELF = YES;
				CLANG_WARN_OBJC_LITERAL_CONVERSION = YES;
				CLANG_WARN_OBJC_ROOT_CLASS = YES_ERROR;
				CLANG_WARN_QUOTED_INCLUDE_IN_FRAMEWORK_HEADER = YES;
				CLANG_WARN_RANGE_LOOP_ANALYSIS = YES;
				CLANG_WARN_STRICT_PROTOTYPES = YES;
				CLANG_WARN_SUSPICIOUS_MOVE = YES;
				CLANG_WARN_UNGUARDED_AVAILABILITY = YES_AGGRESSIVE;
				CLANG_WARN_UNREACHABLE_CODE = YES;
				CLANG_WARN__DUPLICATE_METHOD_MATCH = YES;
				COPY_PHASE_STRIP = NO;
				DEBUG_INFORMATION_FORMAT = "dwarf-with-dsym";
				ENABLE_NS_ASSERTIONS = NO;
				ENABLE_STRICT_OBJC_MSGSEND = YES;
				GCC_C_LANGUAGE_STANDARD = gnu11;
				GCC_NO_COMMON_BLOCKS = YES;
				GCC_WARN_64_TO_32_BIT_CONVERSION = YES;
				GCC_WARN_ABOUT_RETURN_TYPE = YES_ERROR;
				GCC_WARN_UNDECLARED_SELECTOR = YES;
				GCC_WARN_UNINITIALIZED_AUTOS = YES_AGGRESSIVE;
				GCC_WARN_UNUSED_FUNCTION = YES;
				GCC_WARN_UNUSED_VARIABLE = YES;
				MTL_ENABLE_DEBUG_INFO = NO;
				MTL_FAST_MATH = YES;
				PRODUCT_NAME = "$(TARGET_NAME)";
				SDKROOT = iphoneos;
				SWIFT_COMPILATION_MODE = wholemodule;
				SWIFT_OPTIMIZATION_LEVEL = "-O";
				SWIFT_VERSION = 5.0;
			};
			name = Release;
		};
		ED92E6BB515A8A6B64E6FE59 /* Debug */ = {
			isa = XCBuildConfiguration;
			buildSettings = {
				ASSETCATALOG_COMPILER_APPICON_NAME = AppIcon;
				CODE_SIGN_IDENTITY = "iPhone Developer";
				DEVELOPMENT_TEAM = MJZN9N33M2;
				INFOPLIST_FILE = swapi_mkh/Supporting/Info.plist;
				LD_RUNPATH_SEARCH_PATHS = (
					"$(inherited)",
					"@executable_path/Frameworks",
				);
				PRODUCT_BUNDLE_IDENTIFIER = com.khinevich.swapi;
				PRODUCT_NAME = SW;
				SDKROOT = iphoneos;
				TARGETED_DEVICE_FAMILY = 1;
			};
			name = Debug;
		};
/* End XCBuildConfiguration section */

/* Begin XCConfigurationList section */
		14D1F700FCF4DEEFEB7749D8 /* Build configuration list for PBXNativeTarget "swapi_mkh" */ = {
			isa = XCConfigurationList;
			buildConfigurations = (
				ED92E6BB515A8A6B64E6FE59 /* Debug */,
				402138A1F6637F869B03D2A0 /* Release */,
			);
			defaultConfigurationIsVisible = 0;
			defaultConfigurationName = Debug;
		};
		F45FA54BF26D2DC18AD9323C /* Build configuration list for PBXProject "swapi_mkh" */ = {
			isa = XCConfigurationList;
			buildConfigurations = (
				3AD21C4FF56AFD8D912BA8B7 /* Debug */,
				4CE90798983FD7B45FDDF234 /* Release */,
			);
			defaultConfigurationIsVisible = 0;
			defaultConfigurationName = Debug;
		};
/* End XCConfigurationList section */

/* Begin XCRemoteSwiftPackageReference section */
		5C0AE083C37978185E4BB115 /* XCRemoteSwiftPackageReference "SQLite.swift" */ = {
			isa = XCRemoteSwiftPackageReference;
			repositoryURL = "https://github.com/stephencelis/SQLite.swift.git";
			requirement = {
				kind = upToNextMajorVersion;
				minimumVersion = 0.15.3;
			};
		};
		803409B5A838618523DEA3AF /* XCRemoteSwiftPackageReference "apollo-ios" */ = {
			isa = XCRemoteSwiftPackageReference;
			repositoryURL = "https://github.com/apollographql/apollo-ios.git";
			requirement = {
				kind = upToNextMajorVersion;
				minimumVersion = 1.0.0;
			};
		};
/* End XCRemoteSwiftPackageReference section */

/* Begin XCSwiftPackageProductDependency section */
		7798EF03DD4BEC4593B0F283 /* Apollo */ = {
			isa = XCSwiftPackageProductDependency;
			package = 803409B5A838618523DEA3AF /* XCRemoteSwiftPackageReference "apollo-ios" */;
			productName = Apollo;
		};
		A0E24252697C6BFAD2EC31BA /* SQLite */ = {
			isa = XCSwiftPackageProductDependency;
			package = 5C0AE083C37978185E4BB115 /* XCRemoteSwiftPackageReference "SQLite.swift" */;
			productName = SQLite;
		};
		C29E16F468123242AE30ED45 /* SWAPI */ = {
			isa = XCSwiftPackageProductDependency;
			productName = SWAPI;
		};
/* End XCSwiftPackageProductDependency section */
	};
	rootObject = 07B298FCBCCCE7261EB7E1C5 /* Project object */;
}
